<?xml version="1.0" encoding="utf-8"?>
<Project ToolsVersion="4.0" xmlns="http://schemas.microsoft.com/developer/msbuild/2003">
  <ItemGroup>
    <Filter Include="Source Files">
      <UniqueIdentifier>{4FC737F1-C7A5-4376-A066-2A32D752A2FF}</UniqueIdentifier>
      <Extensions>cpp;c;cc;cxx;def;odl;idl;hpj;bat;asm;asmx</Extensions>
    </Filter>
    <Filter Include="Header Files">
      <UniqueIdentifier>{93995380-89BD-4b04-88EB-625FBE52EBFB}</UniqueIdentifier>
      <Extensions>h;hh;hpp;hxx;hm;inl;inc;xsd</Extensions>
    </Filter>
    <Filter Include="Source Files\ThreadX">
      <UniqueIdentifier>{cb94daff-cf2c-4c55-bd8b-ef33f10949cd}</UniqueIdentifier>
    </Filter>
    <Filter Include="Header Files\ThreadX">
      <UniqueIdentifier>{b5e4dd60-ffad-4f2a-bed8-d761459198ed}</UniqueIdentifier>
    </Filter>
    <Filter Include="Header Files\Common">
      <UniqueIdentifier>{f7a03c99-6d37-4b92-9989-30ecab913b22}</UniqueIdentifier>
    </Filter>
    <Filter Include="Source Files\Common">
      <UniqueIdentifier>{fe1fb805-1fce-4378-965a-5bf7bbe5698a}</UniqueIdentifier>
    </Filter>
  </ItemGroup>
  <ItemGroup>
    <ClCompile Include="..\threadx\can\can.c">
      <Filter>Source Files\ThreadX</Filter>
    </ClCompile>
    <ClCompile Include="..\threadx\cpu\cpu_load.c">
      <Filter>Source Files\ThreadX</Filter>
    </ClCompile>
    <ClCompile Include="..\common\link\link.c">
      <Filter>Source Files\Common</Filter>
    </ClCompile>
    <ClCompile Include="..\common\management\mng_api.c">
      <Filter>Source Files\Common</Filter>
    </ClCompile>
    <ClCompile Include="..\common\nav_api\nav_api.c">
      <Filter>Source Files\Common</Filter>
    </ClCompile>
    <ClCompile Include="..\common\v2x_cli\v2x_cli.c">
      <Filter>Source Files\Common</Filter>
    </ClCompile>
    <ClCompile Include="..\threadx\ecc\ecc.c">
      <Filter>Source Files\ThreadX</Filter>
    </ClCompile>
    <ClCompile Include="..\threadx\hwregs\hwregs.c">
      <Filter>Source Files\ThreadX</Filter>
    </ClCompile>
    <ClCompile Include="..\threadx\phy\phy_cca_control.c">
      <Filter>Source Files\ThreadX</Filter>
    </ClCompile>
    <ClCompile Include="..\threadx\loopbacks\eth_loopback.c">
      <Filter>Source Files\ThreadX</Filter>
    </ClCompile>
    <ClCompile Include="..\threadx\cli_arc\imq_socket_bridge.c">
      <Filter>Source Files</Filter>
    </ClCompile>
    <ClCompile Include="..\threadx\cli_arc\libcli\libcli.c">
      <Filter>Source Files</Filter>
    </ClCompile>
    <ClCompile Include="..\threadx\cli_arc\socket_imq_bridge.c">
      <Filter>Source Files</Filter>
    </ClCompile>
    <ClCompile Include="..\common\general\general.c">
      <Filter>Source Files\Common</Filter>
    </ClCompile>
  </ItemGroup>
  <ItemGroup>
    <ClInclude Include="..\common\v2x_cli\list.h">
      <Filter>Header Files</Filter>
    </ClInclude>
    <ClInclude Include="..\threadx\can\can.h">
      <Filter>Header Files\ThreadX</Filter>
    </ClInclude>
    <ClInclude Include="..\threadx\cpu\cpu_load.h">
      <Filter>Header Files\ThreadX</Filter>
    </ClInclude>
    <ClInclude Include="..\common\link\link.h">
      <Filter>Header Files\Common</Filter>
    </ClInclude>
    <ClInclude Include="..\common\management\mng_api.h">
      <Filter>Header Files\Common</Filter>
    </ClInclude>
    <ClInclude Include="..\common\nav_api\nav_api.h">
      <Filter>Header Files\Common</Filter>
    </ClInclude>
    <ClInclude Include="..\common\v2x_cli\v2x_cli.h">
      <Filter>Header Files\Common</Filter>
    </ClInclude>
    <ClInclude Include="..\threadx\ecc\ecc.h">
      <Filter>Header Files\ThreadX</Filter>
    </ClInclude>
    <ClInclude Include="..\threadx\hwregs\hwregs.h">
      <Filter>Header Files\ThreadX</Filter>
    </ClInclude>
    <ClInclude Include="..\threadx\phy\phy_cca_control.h">
      <Filter>Header Files\ThreadX</Filter>
    </ClInclude>
    <ClInclude Include="..\threadx\loopbacks\eth_loopback.h">
      <Filter>Header Files\ThreadX</Filter>
    </ClInclude>
    <ClInclude Include="..\threadx\cli_arc\libcli\libcli.h">
      <Filter>Header Files</Filter>
    </ClInclude>
    <ClInclude Include="..\threadx\cli_arc\socket_imq_bridge.h">
      <Filter>Header Files</Filter>
    </ClInclude>
    <ClInclude Include="..\common\general\general.h">
      <Filter>Header Files\Common</Filter>
    </ClInclude>
  </ItemGroup>
</Project>